
Microsoft Visual Studio Solution File, Format Version 12.00
# Visual Studio 2012
Project("{FAE04EC0-301F-11D3-BF4B-00C04F79EFBC}") = "SD.LLBLGen.Pro.Examples.Validators", "Validators\SD.LLBLGen.Pro.Examples.Validators.csproj", "{83B192A4-D345-493F-80EF-448042D373DA}"
EndProject
Project("{FAE04EC0-301F-11D3-BF4B-00C04F79EFBC}") = "SD.LLBLGen.Pro.Examples.RegexHelper", "RegExHelper\SD.LLBLGen.Pro.Examples.RegexHelper.csproj", "{B9BE8C59-3AE5-4108-B8D2-CB3E9822A0AF}"
EndProject
Project("{FAE04EC0-301F-11D3-BF4B-00C04F79EFBC}") = "SD.LLBLGen.Pro.Examples", "DAL\SD.LLBLGen.Pro.Examples.csproj", "{AFC299DF-8025-4AC3-9C7D-2CBA735CA06B}"
EndProject
Project("{FAE04EC0-301F-11D3-BF4B-00C04F79EFBC}") = "SD.LLBLGenPro.Examples.GUI", "GUI\SD.LLBLGenPro.Examples.GUI.csproj", "{1C815F67-A153-495F-9D93-69B460746916}"
EndProject
Global
	GlobalSection(SolutionConfigurationPlatforms) = preSolution
		Debug|Any CPU = Debug|Any CPU
		Release|Any CPU = Release|Any CPU
	EndGlobalSection
	GlobalSection(ProjectConfigurationPlatforms) = postSolution
		{83B192A4-D345-493F-80EF-448042D373DA}.Debug|Any CPU.ActiveCfg = Debug|Any CPU
		{83B192A4-D345-493F-80EF-448042D373DA}.Debug|Any CPU.Build.0 = Debug|Any CPU
		{83B192A4-D345-493F-80EF-448042D373DA}.Release|Any CPU.ActiveCfg = Release|Any CPU
		{83B192A4-D345-493F-80EF-448042D373DA}.Release|Any CPU.Build.0 = Release|Any CPU
		{B9BE8C59-3AE5-4108-B8D2-CB3E9822A0AF}.Debug|Any CPU.ActiveCfg = Debug|Any CPU
		{B9BE8C59-3AE5-4108-B8D2-CB3E9822A0AF}.Debug|Any CPU.Build.0 = Debug|Any CPU
		{B9BE8C59-3AE5-4108-B8D2-CB3E9822A0AF}.Release|Any CPU.ActiveCfg = Release|Any CPU
		{B9BE8C59-3AE5-4108-B8D2-CB3E9822A0AF}.Release|Any CPU.Build.0 = Release|Any CPU
		{AFC299DF-8025-4AC3-9C7D-2CBA735CA06B}.Debug|Any CPU.ActiveCfg = Debug|Any CPU
		{AFC299DF-8025-4AC3-9C7D-2CBA735CA06B}.Debug|Any CPU.Build.0 = Debug|Any CPU
		{AFC299DF-8025-4AC3-9C7D-2CBA735CA06B}.Release|Any CPU.ActiveCfg = Release|Any CPU
		{AFC299DF-8025-4AC3-9C7D-2CBA735CA06B}.Release|Any CPU.Build.0 = Release|Any CPU
		{1C815F67-A153-495F-9D93-69B460746916}.Debug|Any CPU.ActiveCfg = Debug|Any CPU
		{1C815F67-A153-495F-9D93-69B460746916}.Debug|Any CPU.Build.0 = Debug|Any CPU
		{1C815F67-A153-495F-9D93-69B460746916}.Release|Any CPU.ActiveCfg = Release|Any CPU
		{1C815F67-A153-495F-9D93-69B460746916}.Release|Any CPU.Build.0 = Release|Any CPU
	EndGlobalSection
	GlobalSection(SolutionProperties) = preSolution
		HideSolutionNode = FALSE
	EndGlobalSection
EndGlobal
